
Microsoft Visual Studio Solution File, Format Version 12.00
# Visual Studio Version 16
VisualStudioVersion = 16.0.30907.101
MinimumVisualStudioVersion = 10.0.40219.1
Project("{FAE04EC0-301F-11D3-BF4B-00C04F79EFBC}") = "EnsatProject", "EnsatProject\EnsatProject.csproj", "{EBE9A618-61CB-4774-BAED-DDB1E90BB876}"
EndProject
Global
	GlobalSection(SolutionConfigurationPlatforms) = preSolution
		Debug|Any CPU = Debug|Any CPU
		Release|Any CPU = Release|Any CPU
	EndGlobalSection
	GlobalSection(ProjectConfigurationPlatforms) = postSolution
		{EBE9A618-61CB-4774-BAED-DDB1E90BB876}.Debug|Any CPU.ActiveCfg = Debug|Any CPU
		{EBE9A618-61CB-4774-BAED-DDB1E90BB876}.Debug|Any CPU.Build.0 = Debug|Any CPU
		{EBE9A618-61CB-4774-BAED-DDB1E90BB876}.Release|Any CPU.ActiveCfg = Release|Any CPU
		{EBE9A618-61CB-4774-BAED-DDB1E90BB876}.Release|Any CPU.Build.0 = Release|Any CPU
	EndGlobalSection
	GlobalSection(SolutionProperties) = preSolution
		HideSolutionNode = FALSE
	EndGlobalSection
	GlobalSection(ExtensibilityGlobals) = postSolution
		SolutionGuid = {B4FCE184-766C-4031-ADC2-1B6F59136DE4}
	EndGlobalSection
EndGlobal
